{
  "name": "emoji-data-ios",
  "version": "0.1.1",
  "lockfileVersion": 1,
  "requires": true,
  "dependencies": {
    "emojilib": {
      "version": "3.0.2",
      "resolved": "https://registry.npmjs.org/emojilib/-/emojilib-3.0.2.tgz",
      "integrity": "sha512-ili5TJi/YQusxLfhUk/TVx0Va03UMrf/OkqkedtOQEscBTnToeitB8O/kJkZxkfRQtqVE7wuN0PvMW6oWUnZEQ==",
      "dev": true
    }
  }
}
